
Microsoft Visual Studio Solution File, Format Version 12.00
# Visual Studio Version 16
VisualStudioVersion = 16.0.29201.188
MinimumVisualStudioVersion = 10.0.40219.1
Project("{FAE04EC0-301F-11D3-BF4B-00C04F79EFBC}") = "ErrorHandlingExample", "ErrorHandlingExample\ErrorHandlingExample.csproj", "{6BEF82E0-F035-4BF9-AD94-4FD958AAC61E}"
EndProject
Global
	GlobalSection(SolutionConfigurationPlatforms) = preSolution
		Debug|Any CPU = Debug|Any CPU
		Release|Any CPU = Release|Any CPU
	EndGlobalSection
	GlobalSection(ProjectConfigurationPlatforms) = postSolution
		{6BEF82E0-F035-4BF9-AD94-4FD958AAC61E}.Debug|Any CPU.ActiveCfg = Debug|Any CPU
		{6BEF82E0-F035-4BF9-AD94-4FD958AAC61E}.Debug|Any CPU.Build.0 = Debug|Any CPU
		{6BEF82E0-F035-4BF9-AD94-4FD958AAC61E}.Release|Any CPU.ActiveCfg = Release|Any CPU
		{6BEF82E0-F035-4BF9-AD94-4FD958AAC61E}.Release|Any CPU.Build.0 = Release|Any CPU
	EndGlobalSection
	GlobalSection(SolutionProperties) = preSolution
		HideSolutionNode = FALSE
	EndGlobalSection
	GlobalSection(ExtensibilityGlobals) = postSolution
		SolutionGuid = {BAB8B1B6-B564-46CC-97F0-3C57A043E743}
	EndGlobalSection
EndGlobal
