
Microsoft Visual Studio Solution File, Format Version 12.00
# Visual Studio Version 16
VisualStudioVersion = 16.0.29201.188
MinimumVisualStudioVersion = 10.0.40219.1
Project("{FAE04EC0-301F-11D3-BF4B-00C04F79EFBC}") = "WidgetLibrary", "WidgetLibrary\WidgetLibrary.csproj", "{8AD4276E-D1A3-40C1-AC41-F4D5C15F1A0E}"
EndProject
Global
	GlobalSection(SolutionConfigurationPlatforms) = preSolution
		Debug|Any CPU = Debug|Any CPU
		Release|Any CPU = Release|Any CPU
	EndGlobalSection
	GlobalSection(ProjectConfigurationPlatforms) = postSolution
		{8AD4276E-D1A3-40C1-AC41-F4D5C15F1A0E}.Debug|Any CPU.ActiveCfg = Debug|Any CPU
		{8AD4276E-D1A3-40C1-AC41-F4D5C15F1A0E}.Debug|Any CPU.Build.0 = Debug|Any CPU
		{8AD4276E-D1A3-40C1-AC41-F4D5C15F1A0E}.Release|Any CPU.ActiveCfg = Release|Any CPU
		{8AD4276E-D1A3-40C1-AC41-F4D5C15F1A0E}.Release|Any CPU.Build.0 = Release|Any CPU
	EndGlobalSection
	GlobalSection(SolutionProperties) = preSolution
		HideSolutionNode = FALSE
	EndGlobalSection
	GlobalSection(ExtensibilityGlobals) = postSolution
		SolutionGuid = {F4462432-9196-4C2E-878F-BF96FBEA1812}
	EndGlobalSection
EndGlobal
